
Microsoft Visual Studio Solution File, Format Version 12.00
# Visual Studio Version 17
VisualStudioVersion = 17.0.31903.59
MinimumVisualStudioVersion = 10.0.40219.1
Project("{2150E333-8FDC-42A3-9474-1A3956D46DE8}") = "Solution Items", "Solution Items", "{4FA60FD3-183F-4BAF-851C-5D9D56E06517}"
	ProjectSection(SolutionItems) = preProject
		README.md = README.md
	EndProjectSection
EndProject
Project("{FAE04EC0-301F-11D3-BF4B-00C04F79EFBC}") = "RT2020.DAL", "RT2020.DAL\RT2020.DAL.csproj", "{C3765763-DB6E-4DDE-AF69-FC99C86F4F2B}"
EndProject
Project("{FAE04EC0-301F-11D3-BF4B-00C04F79EFBC}") = "RT2020.EF6", "RT2020.EF6\RT2020.EF6.csproj", "{80747BA9-D766-4DCA-B58A-E8426BF72ACE}"
EndProject
Project("{FAE04EC0-301F-11D3-BF4B-00C04F79EFBC}") = "RT2020.Bot", "RT2020.Bot\RT2020.Bot.csproj", "{46CBE7DE-CB1D-44B5-BB8F-C96D066EE169}"
EndProject
Project("{FAE04EC0-301F-11D3-BF4B-00C04F79EFBC}") = "RT2020.Client", "RT2020.Client\RT2020.Client.csproj", "{13423CB1-73E7-4D89-8C59-E1AC2D6B5593}"
EndProject
Project("{FAE04EC0-301F-11D3-BF4B-00C04F79EFBC}") = "RT2020.Web.Shop", "RT2020.Web.Shop\RT2020.Web.Shop.csproj", "{A22AEC47-1E4E-4D5D-8721-779B87258197}"
EndProject
Project("{FAE04EC0-301F-11D3-BF4B-00C04F79EFBC}") = "RT2020.Web.Reports", "RT2020.Web.Reports\RT2020.Web.Reports.csproj", "{5CBA960E-08D5-40BF-8AF5-62F239E72DE4}"
EndProject
Project("{FAE04EC0-301F-11D3-BF4B-00C04F79EFBC}") = "RT2020.Services", "RT2020.Services\RT2020.Services.csproj", "{89D4E7D3-1E41-4AE2-A7BC-445EBB4B1CBD}"
EndProject
Project("{FAE04EC0-301F-11D3-BF4B-00C04F79EFBC}") = "Gizmox.WebGUI.DevExpressControls", "Gizmox.WebGUI.DevExpressControls\Gizmox.WebGUI.DevExpressControls.csproj", "{38DA1DF7-FB99-4337-A15D-5A1A713E34FD}"
EndProject
Project("{FAE04EC0-301F-11D3-BF4B-00C04F79EFBC}") = "RT2020.Common.V22", "RT2020.Common.V22\RT2020.Common.V22.csproj", "{B9D94088-B1D3-4E77-9ACD-292B15FF97AD}"
EndProject
Project("{FAE04EC0-301F-11D3-BF4B-00C04F79EFBC}") = "RT2020.Reports.V22", "RT2020.Reports.V22\RT2020.Reports.V22.csproj", "{01B4B8FC-A9D4-48DB-9976-5B4C2D2EDE0A}"
EndProject
Project("{FAE04EC0-301F-11D3-BF4B-00C04F79EFBC}") = "RT2020.Api.V22", "RT2020.Api.V22\RT2020.Api.V22.csproj", "{6C83CD93-B6A5-4627-81E5-2C2AA4DD60B7}"
EndProject
Project("{FAE04EC0-301F-11D3-BF4B-00C04F79EFBC}") = "RT2020.V22", "RT2020.V22\RT2020.V22.csproj", "{B0475F51-341A-478E-B078-C09931D747CB}"
EndProject
Global
	GlobalSection(SolutionConfigurationPlatforms) = preSolution
		Debug|Any CPU = Debug|Any CPU
		Debug|x64 = Debug|x64
		Debug|x86 = Debug|x86
		Release|Any CPU = Release|Any CPU
		Release|x64 = Release|x64
		Release|x86 = Release|x86
	EndGlobalSection
	GlobalSection(ProjectConfigurationPlatforms) = postSolution
		{C3765763-DB6E-4DDE-AF69-FC99C86F4F2B}.Debug|Any CPU.ActiveCfg = Debug|Any CPU
		{C3765763-DB6E-4DDE-AF69-FC99C86F4F2B}.Debug|Any CPU.Build.0 = Debug|Any CPU
		{C3765763-DB6E-4DDE-AF69-FC99C86F4F2B}.Debug|x64.ActiveCfg = Debug|Any CPU
		{C3765763-DB6E-4DDE-AF69-FC99C86F4F2B}.Debug|x64.Build.0 = Debug|Any CPU
		{C3765763-DB6E-4DDE-AF69-FC99C86F4F2B}.Debug|x86.ActiveCfg = Debug|x86
		{C3765763-DB6E-4DDE-AF69-FC99C86F4F2B}.Debug|x86.Build.0 = Debug|x86
		{C3765763-DB6E-4DDE-AF69-FC99C86F4F2B}.Release|Any CPU.ActiveCfg = Release|Any CPU
		{C3765763-DB6E-4DDE-AF69-FC99C86F4F2B}.Release|Any CPU.Build.0 = Release|Any CPU
		{C3765763-DB6E-4DDE-AF69-FC99C86F4F2B}.Release|x64.ActiveCfg = Release|Any CPU
		{C3765763-DB6E-4DDE-AF69-FC99C86F4F2B}.Release|x64.Build.0 = Release|Any CPU
		{C3765763-DB6E-4DDE-AF69-FC99C86F4F2B}.Release|x86.ActiveCfg = Release|x86
		{C3765763-DB6E-4DDE-AF69-FC99C86F4F2B}.Release|x86.Build.0 = Release|x86
		{80747BA9-D766-4DCA-B58A-E8426BF72ACE}.Debug|Any CPU.ActiveCfg = Debug|Any CPU
		{80747BA9-D766-4DCA-B58A-E8426BF72ACE}.Debug|Any CPU.Build.0 = Debug|Any CPU
		{80747BA9-D766-4DCA-B58A-E8426BF72ACE}.Debug|x64.ActiveCfg = Debug|Any CPU
		{80747BA9-D766-4DCA-B58A-E8426BF72ACE}.Debug|x64.Build.0 = Debug|Any CPU
		{80747BA9-D766-4DCA-B58A-E8426BF72ACE}.Debug|x86.ActiveCfg = Debug|Any CPU
		{80747BA9-D766-4DCA-B58A-E8426BF72ACE}.Debug|x86.Build.0 = Debug|Any CPU
		{80747BA9-D766-4DCA-B58A-E8426BF72ACE}.Release|Any CPU.ActiveCfg = Release|Any CPU
		{80747BA9-D766-4DCA-B58A-E8426BF72ACE}.Release|Any CPU.Build.0 = Release|Any CPU
		{80747BA9-D766-4DCA-B58A-E8426BF72ACE}.Release|x64.ActiveCfg = Release|Any CPU
		{80747BA9-D766-4DCA-B58A-E8426BF72ACE}.Release|x64.Build.0 = Release|Any CPU
		{80747BA9-D766-4DCA-B58A-E8426BF72ACE}.Release|x86.ActiveCfg = Release|Any CPU
		{80747BA9-D766-4DCA-B58A-E8426BF72ACE}.Release|x86.Build.0 = Release|Any CPU
		{46CBE7DE-CB1D-44B5-BB8F-C96D066EE169}.Debug|Any CPU.ActiveCfg = Debug|Any CPU
		{46CBE7DE-CB1D-44B5-BB8F-C96D066EE169}.Debug|Any CPU.Build.0 = Debug|Any CPU
		{46CBE7DE-CB1D-44B5-BB8F-C96D066EE169}.Debug|x64.ActiveCfg = Debug|Any CPU
		{46CBE7DE-CB1D-44B5-BB8F-C96D066EE169}.Debug|x64.Build.0 = Debug|Any CPU
		{46CBE7DE-CB1D-44B5-BB8F-C96D066EE169}.Debug|x86.ActiveCfg = Debug|Any CPU
		{46CBE7DE-CB1D-44B5-BB8F-C96D066EE169}.Debug|x86.Build.0 = Debug|Any CPU
		{46CBE7DE-CB1D-44B5-BB8F-C96D066EE169}.Release|Any CPU.ActiveCfg = Release|Any CPU
		{46CBE7DE-CB1D-44B5-BB8F-C96D066EE169}.Release|Any CPU.Build.0 = Release|Any CPU
		{46CBE7DE-CB1D-44B5-BB8F-C96D066EE169}.Release|x64.ActiveCfg = Release|Any CPU
		{46CBE7DE-CB1D-44B5-BB8F-C96D066EE169}.Release|x64.Build.0 = Release|Any CPU
		{46CBE7DE-CB1D-44B5-BB8F-C96D066EE169}.Release|x86.ActiveCfg = Release|Any CPU
		{46CBE7DE-CB1D-44B5-BB8F-C96D066EE169}.Release|x86.Build.0 = Release|Any CPU
		{13423CB1-73E7-4D89-8C59-E1AC2D6B5593}.Debug|Any CPU.ActiveCfg = Debug|Any CPU
		{13423CB1-73E7-4D89-8C59-E1AC2D6B5593}.Debug|Any CPU.Build.0 = Debug|Any CPU
		{13423CB1-73E7-4D89-8C59-E1AC2D6B5593}.Debug|x64.ActiveCfg = Debug|Any CPU
		{13423CB1-73E7-4D89-8C59-E1AC2D6B5593}.Debug|x64.Build.0 = Debug|Any CPU
		{13423CB1-73E7-4D89-8C59-E1AC2D6B5593}.Debug|x86.ActiveCfg = Debug|Any CPU
		{13423CB1-73E7-4D89-8C59-E1AC2D6B5593}.Debug|x86.Build.0 = Debug|Any CPU
		{13423CB1-73E7-4D89-8C59-E1AC2D6B5593}.Release|Any CPU.ActiveCfg = Release|Any CPU
		{13423CB1-73E7-4D89-8C59-E1AC2D6B5593}.Release|Any CPU.Build.0 = Release|Any CPU
		{13423CB1-73E7-4D89-8C59-E1AC2D6B5593}.Release|x64.ActiveCfg = Release|Any CPU
		{13423CB1-73E7-4D89-8C59-E1AC2D6B5593}.Release|x64.Build.0 = Release|Any CPU
		{13423CB1-73E7-4D89-8C59-E1AC2D6B5593}.Release|x86.ActiveCfg = Release|Any CPU
		{13423CB1-73E7-4D89-8C59-E1AC2D6B5593}.Release|x86.Build.0 = Release|Any CPU
		{A22AEC47-1E4E-4D5D-8721-779B87258197}.Debug|Any CPU.ActiveCfg = Debug|Any CPU
		{A22AEC47-1E4E-4D5D-8721-779B87258197}.Debug|Any CPU.Build.0 = Debug|Any CPU
		{A22AEC47-1E4E-4D5D-8721-779B87258197}.Debug|x64.ActiveCfg = Debug|x64
		{A22AEC47-1E4E-4D5D-8721-779B87258197}.Debug|x64.Build.0 = Debug|x64
		{A22AEC47-1E4E-4D5D-8721-779B87258197}.Debug|x86.ActiveCfg = Debug|Any CPU
		{A22AEC47-1E4E-4D5D-8721-779B87258197}.Debug|x86.Build.0 = Debug|Any CPU
		{A22AEC47-1E4E-4D5D-8721-779B87258197}.Release|Any CPU.ActiveCfg = Release|Any CPU
		{A22AEC47-1E4E-4D5D-8721-779B87258197}.Release|Any CPU.Build.0 = Release|Any CPU
		{A22AEC47-1E4E-4D5D-8721-779B87258197}.Release|x64.ActiveCfg = Release|x64
		{A22AEC47-1E4E-4D5D-8721-779B87258197}.Release|x64.Build.0 = Release|x64
		{A22AEC47-1E4E-4D5D-8721-779B87258197}.Release|x86.ActiveCfg = Release|Any CPU
		{A22AEC47-1E4E-4D5D-8721-779B87258197}.Release|x86.Build.0 = Release|Any CPU
		{5CBA960E-08D5-40BF-8AF5-62F239E72DE4}.Debug|Any CPU.ActiveCfg = Debug|Any CPU
		{5CBA960E-08D5-40BF-8AF5-62F239E72DE4}.Debug|Any CPU.Build.0 = Debug|Any CPU
		{5CBA960E-08D5-40BF-8AF5-62F239E72DE4}.Debug|x64.ActiveCfg = Debug|x64
		{5CBA960E-08D5-40BF-8AF5-62F239E72DE4}.Debug|x64.Build.0 = Debug|x64
		{5CBA960E-08D5-40BF-8AF5-62F239E72DE4}.Debug|x86.ActiveCfg = Debug|Any CPU
		{5CBA960E-08D5-40BF-8AF5-62F239E72DE4}.Debug|x86.Build.0 = Debug|Any CPU
		{5CBA960E-08D5-40BF-8AF5-62F239E72DE4}.Release|Any CPU.ActiveCfg = Release|Any CPU
		{5CBA960E-08D5-40BF-8AF5-62F239E72DE4}.Release|Any CPU.Build.0 = Release|Any CPU
		{5CBA960E-08D5-40BF-8AF5-62F239E72DE4}.Release|x64.ActiveCfg = Release|x64
		{5CBA960E-08D5-40BF-8AF5-62F239E72DE4}.Release|x64.Build.0 = Release|x64
		{5CBA960E-08D5-40BF-8AF5-62F239E72DE4}.Release|x86.ActiveCfg = Release|Any CPU
		{5CBA960E-08D5-40BF-8AF5-62F239E72DE4}.Release|x86.Build.0 = Release|Any CPU
		{89D4E7D3-1E41-4AE2-A7BC-445EBB4B1CBD}.Debug|Any CPU.ActiveCfg = Debug|Any CPU
		{89D4E7D3-1E41-4AE2-A7BC-445EBB4B1CBD}.Debug|Any CPU.Build.0 = Debug|Any CPU
		{89D4E7D3-1E41-4AE2-A7BC-445EBB4B1CBD}.Debug|x64.ActiveCfg = Debug|Any CPU
		{89D4E7D3-1E41-4AE2-A7BC-445EBB4B1CBD}.Debug|x64.Build.0 = Debug|Any CPU
		{89D4E7D3-1E41-4AE2-A7BC-445EBB4B1CBD}.Debug|x86.ActiveCfg = Debug|x86
		{89D4E7D3-1E41-4AE2-A7BC-445EBB4B1CBD}.Debug|x86.Build.0 = Debug|x86
		{89D4E7D3-1E41-4AE2-A7BC-445EBB4B1CBD}.Release|Any CPU.ActiveCfg = Release|Any CPU
		{89D4E7D3-1E41-4AE2-A7BC-445EBB4B1CBD}.Release|Any CPU.Build.0 = Release|Any CPU
		{89D4E7D3-1E41-4AE2-A7BC-445EBB4B1CBD}.Release|x64.ActiveCfg = Release|Any CPU
		{89D4E7D3-1E41-4AE2-A7BC-445EBB4B1CBD}.Release|x64.Build.0 = Release|Any CPU
		{89D4E7D3-1E41-4AE2-A7BC-445EBB4B1CBD}.Release|x86.ActiveCfg = Release|x86
		{89D4E7D3-1E41-4AE2-A7BC-445EBB4B1CBD}.Release|x86.Build.0 = Release|x86
		{38DA1DF7-FB99-4337-A15D-5A1A713E34FD}.Debug|Any CPU.ActiveCfg = Debug|Any CPU
		{38DA1DF7-FB99-4337-A15D-5A1A713E34FD}.Debug|Any CPU.Build.0 = Debug|Any CPU
		{38DA1DF7-FB99-4337-A15D-5A1A713E34FD}.Debug|x64.ActiveCfg = Debug|Any CPU
		{38DA1DF7-FB99-4337-A15D-5A1A713E34FD}.Debug|x64.Build.0 = Debug|Any CPU
		{38DA1DF7-FB99-4337-A15D-5A1A713E34FD}.Debug|x86.ActiveCfg = Debug|x86
		{38DA1DF7-FB99-4337-A15D-5A1A713E34FD}.Debug|x86.Build.0 = Debug|x86
		{38DA1DF7-FB99-4337-A15D-5A1A713E34FD}.Release|Any CPU.ActiveCfg = Release|Any CPU
		{38DA1DF7-FB99-4337-A15D-5A1A713E34FD}.Release|Any CPU.Build.0 = Release|Any CPU
		{38DA1DF7-FB99-4337-A15D-5A1A713E34FD}.Release|x64.ActiveCfg = Release|Any CPU
		{38DA1DF7-FB99-4337-A15D-5A1A713E34FD}.Release|x64.Build.0 = Release|Any CPU
		{38DA1DF7-FB99-4337-A15D-5A1A713E34FD}.Release|x86.ActiveCfg = Release|x86
		{38DA1DF7-FB99-4337-A15D-5A1A713E34FD}.Release|x86.Build.0 = Release|x86
		{B9D94088-B1D3-4E77-9ACD-292B15FF97AD}.Debug|Any CPU.ActiveCfg = Debug|Any CPU
		{B9D94088-B1D3-4E77-9ACD-292B15FF97AD}.Debug|Any CPU.Build.0 = Debug|Any CPU
		{B9D94088-B1D3-4E77-9ACD-292B15FF97AD}.Debug|x64.ActiveCfg = Debug|Any CPU
		{B9D94088-B1D3-4E77-9ACD-292B15FF97AD}.Debug|x64.Build.0 = Debug|Any CPU
		{B9D94088-B1D3-4E77-9ACD-292B15FF97AD}.Debug|x86.ActiveCfg = Debug|Any CPU
		{B9D94088-B1D3-4E77-9ACD-292B15FF97AD}.Debug|x86.Build.0 = Debug|Any CPU
		{B9D94088-B1D3-4E77-9ACD-292B15FF97AD}.Release|Any CPU.ActiveCfg = Release|Any CPU
		{B9D94088-B1D3-4E77-9ACD-292B15FF97AD}.Release|Any CPU.Build.0 = Release|Any CPU
		{B9D94088-B1D3-4E77-9ACD-292B15FF97AD}.Release|x64.ActiveCfg = Release|Any CPU
		{B9D94088-B1D3-4E77-9ACD-292B15FF97AD}.Release|x64.Build.0 = Release|Any CPU
		{B9D94088-B1D3-4E77-9ACD-292B15FF97AD}.Release|x86.ActiveCfg = Release|Any CPU
		{B9D94088-B1D3-4E77-9ACD-292B15FF97AD}.Release|x86.Build.0 = Release|Any CPU
		{01B4B8FC-A9D4-48DB-9976-5B4C2D2EDE0A}.Debug|Any CPU.ActiveCfg = Debug|Any CPU
		{01B4B8FC-A9D4-48DB-9976-5B4C2D2EDE0A}.Debug|Any CPU.Build.0 = Debug|Any CPU
		{01B4B8FC-A9D4-48DB-9976-5B4C2D2EDE0A}.Debug|x64.ActiveCfg = Debug|Any CPU
		{01B4B8FC-A9D4-48DB-9976-5B4C2D2EDE0A}.Debug|x64.Build.0 = Debug|Any CPU
		{01B4B8FC-A9D4-48DB-9976-5B4C2D2EDE0A}.Debug|x86.ActiveCfg = Debug|Any CPU
		{01B4B8FC-A9D4-48DB-9976-5B4C2D2EDE0A}.Debug|x86.Build.0 = Debug|Any CPU
		{01B4B8FC-A9D4-48DB-9976-5B4C2D2EDE0A}.Release|Any CPU.ActiveCfg = Release|Any CPU
		{01B4B8FC-A9D4-48DB-9976-5B4C2D2EDE0A}.Release|Any CPU.Build.0 = Release|Any CPU
		{01B4B8FC-A9D4-48DB-9976-5B4C2D2EDE0A}.Release|x64.ActiveCfg = Release|Any CPU
		{01B4B8FC-A9D4-48DB-9976-5B4C2D2EDE0A}.Release|x64.Build.0 = Release|Any CPU
		{01B4B8FC-A9D4-48DB-9976-5B4C2D2EDE0A}.Release|x86.ActiveCfg = Release|Any CPU
		{01B4B8FC-A9D4-48DB-9976-5B4C2D2EDE0A}.Release|x86.Build.0 = Release|Any CPU
		{6C83CD93-B6A5-4627-81E5-2C2AA4DD60B7}.Debug|Any CPU.ActiveCfg = Debug|Any CPU
		{6C83CD93-B6A5-4627-81E5-2C2AA4DD60B7}.Debug|Any CPU.Build.0 = Debug|Any CPU
		{6C83CD93-B6A5-4627-81E5-2C2AA4DD60B7}.Debug|x64.ActiveCfg = Debug|Any CPU
		{6C83CD93-B6A5-4627-81E5-2C2AA4DD60B7}.Debug|x64.Build.0 = Debug|Any CPU
		{6C83CD93-B6A5-4627-81E5-2C2AA4DD60B7}.Debug|x86.ActiveCfg = Debug|Any CPU
		{6C83CD93-B6A5-4627-81E5-2C2AA4DD60B7}.Debug|x86.Build.0 = Debug|Any CPU
		{6C83CD93-B6A5-4627-81E5-2C2AA4DD60B7}.Release|Any CPU.ActiveCfg = Release|Any CPU
		{6C83CD93-B6A5-4627-81E5-2C2AA4DD60B7}.Release|Any CPU.Build.0 = Release|Any CPU
		{6C83CD93-B6A5-4627-81E5-2C2AA4DD60B7}.Release|x64.ActiveCfg = Release|Any CPU
		{6C83CD93-B6A5-4627-81E5-2C2AA4DD60B7}.Release|x64.Build.0 = Release|Any CPU
		{6C83CD93-B6A5-4627-81E5-2C2AA4DD60B7}.Release|x86.ActiveCfg = Release|Any CPU
		{6C83CD93-B6A5-4627-81E5-2C2AA4DD60B7}.Release|x86.Build.0 = Release|Any CPU
		{B0475F51-341A-478E-B078-C09931D747CB}.Debug|Any CPU.ActiveCfg = Debug|Any CPU
		{B0475F51-341A-478E-B078-C09931D747CB}.Debug|Any CPU.Build.0 = Debug|Any CPU
		{B0475F51-341A-478E-B078-C09931D747CB}.Debug|x64.ActiveCfg = Debug|Any CPU
		{B0475F51-341A-478E-B078-C09931D747CB}.Debug|x64.Build.0 = Debug|Any CPU
		{B0475F51-341A-478E-B078-C09931D747CB}.Debug|x86.ActiveCfg = Debug|Any CPU
		{B0475F51-341A-478E-B078-C09931D747CB}.Debug|x86.Build.0 = Debug|Any CPU
		{B0475F51-341A-478E-B078-C09931D747CB}.Release|Any CPU.ActiveCfg = Release|Any CPU
		{B0475F51-341A-478E-B078-C09931D747CB}.Release|Any CPU.Build.0 = Release|Any CPU
		{B0475F51-341A-478E-B078-C09931D747CB}.Release|x64.ActiveCfg = Release|Any CPU
		{B0475F51-341A-478E-B078-C09931D747CB}.Release|x64.Build.0 = Release|Any CPU
		{B0475F51-341A-478E-B078-C09931D747CB}.Release|x86.ActiveCfg = Release|Any CPU
		{B0475F51-341A-478E-B078-C09931D747CB}.Release|x86.Build.0 = Release|Any CPU
	EndGlobalSection
	GlobalSection(SolutionProperties) = preSolution
		HideSolutionNode = FALSE
	EndGlobalSection
	GlobalSection(ExtensibilityGlobals) = postSolution
		SolutionGuid = {EDF32261-CC23-4753-A1D3-61D885BA2892}
		EnterpriseLibraryConfigurationToolBinariesPathV6 = packages\EnterpriseLibrary.Common.6.0.1304.0\lib\NET45;packages\EnterpriseLibrary.Data.6.0.1304.0\lib\NET45
	EndGlobalSection
EndGlobal
